
Microsoft Visual Studio Solution File, Format Version 12.00
# Visual Studio Version 17
VisualStudioVersion = 17.7.34031.279
MinimumVisualStudioVersion = 10.0.40219.1
Project("{FAE04EC0-301F-11D3-BF4B-00C04F79EFBC}") = "MoneyConverter", "MoneyConverter\MoneyConverter.csproj", "{B6989FF4-D8AF-43B7-BF08-3C032274E941}"
EndProject
Project("{FAE04EC0-301F-11D3-BF4B-00C04F79EFBC}") = "LoginAndRegistration", "LoginAndRegistration\LoginAndRegistration.csproj", "{EC3E0338-FA83-49D0-B090-6084669E383F}"
EndProject
Project("{FAE04EC0-301F-11D3-BF4B-00C04F79EFBC}") = "VotingSystem", "VotingSystem\VotingSystem.csproj", "{BD3831C4-5E4D-4B39-9B40-B106AD2EC481}"
EndProject
Project("{FAE04EC0-301F-11D3-BF4B-00C04F79EFBC}") = "HotelskeSobe", "HotelskeSobe\HotelskeSobe.csproj", "{F7F25AB2-FD4F-4D86-A201-EDE52A540351}"
EndProject
Project("{FAE04EC0-301F-11D3-BF4B-00C04F79EFBC}") = "Knjiznica", "Knjiznica\Knjiznica.csproj", "{92C8B683-EE2F-4D16-A405-D0A4EAD9E87D}"
EndProject
Global
	GlobalSection(SolutionConfigurationPlatforms) = preSolution
		Debug|Any CPU = Debug|Any CPU
		Release|Any CPU = Release|Any CPU
	EndGlobalSection
	GlobalSection(ProjectConfigurationPlatforms) = postSolution
		{B6989FF4-D8AF-43B7-BF08-3C032274E941}.Debug|Any CPU.ActiveCfg = Debug|Any CPU
		{B6989FF4-D8AF-43B7-BF08-3C032274E941}.Debug|Any CPU.Build.0 = Debug|Any CPU
		{B6989FF4-D8AF-43B7-BF08-3C032274E941}.Release|Any CPU.ActiveCfg = Release|Any CPU
		{B6989FF4-D8AF-43B7-BF08-3C032274E941}.Release|Any CPU.Build.0 = Release|Any CPU
		{EC3E0338-FA83-49D0-B090-6084669E383F}.Debug|Any CPU.ActiveCfg = Debug|Any CPU
		{EC3E0338-FA83-49D0-B090-6084669E383F}.Debug|Any CPU.Build.0 = Debug|Any CPU
		{EC3E0338-FA83-49D0-B090-6084669E383F}.Release|Any CPU.ActiveCfg = Release|Any CPU
		{EC3E0338-FA83-49D0-B090-6084669E383F}.Release|Any CPU.Build.0 = Release|Any CPU
		{BD3831C4-5E4D-4B39-9B40-B106AD2EC481}.Debug|Any CPU.ActiveCfg = Debug|Any CPU
		{BD3831C4-5E4D-4B39-9B40-B106AD2EC481}.Debug|Any CPU.Build.0 = Debug|Any CPU
		{BD3831C4-5E4D-4B39-9B40-B106AD2EC481}.Release|Any CPU.ActiveCfg = Release|Any CPU
		{BD3831C4-5E4D-4B39-9B40-B106AD2EC481}.Release|Any CPU.Build.0 = Release|Any CPU
		{F7F25AB2-FD4F-4D86-A201-EDE52A540351}.Debug|Any CPU.ActiveCfg = Debug|Any CPU
		{F7F25AB2-FD4F-4D86-A201-EDE52A540351}.Debug|Any CPU.Build.0 = Debug|Any CPU
		{F7F25AB2-FD4F-4D86-A201-EDE52A540351}.Release|Any CPU.ActiveCfg = Release|Any CPU
		{F7F25AB2-FD4F-4D86-A201-EDE52A540351}.Release|Any CPU.Build.0 = Release|Any CPU
		{92C8B683-EE2F-4D16-A405-D0A4EAD9E87D}.Debug|Any CPU.ActiveCfg = Debug|Any CPU
		{92C8B683-EE2F-4D16-A405-D0A4EAD9E87D}.Debug|Any CPU.Build.0 = Debug|Any CPU
		{92C8B683-EE2F-4D16-A405-D0A4EAD9E87D}.Release|Any CPU.ActiveCfg = Release|Any CPU
		{92C8B683-EE2F-4D16-A405-D0A4EAD9E87D}.Release|Any CPU.Build.0 = Release|Any CPU
	EndGlobalSection
	GlobalSection(SolutionProperties) = preSolution
		HideSolutionNode = FALSE
	EndGlobalSection
	GlobalSection(ExtensibilityGlobals) = postSolution
		SolutionGuid = {9EE7F6FF-E6A6-4D80-A57F-F4CF1871DF45}
	EndGlobalSection
EndGlobal
